// !$*UTF8*$!
{
	archiveVersion = 1;
	classes = {
	};
	objectVersion = 52;
	objects = {

/* Begin PBXBuildFile section */
		15320A012498F90800956924 /* AppDelegate.swift in Sources */ = {isa = PBXBuildFile; fileRef = 15320A002498F90800956924 /* AppDelegate.swift */; };
		15320A032498F90800956924 /* SceneDelegate.swift in Sources */ = {isa = PBXBuildFile; fileRef = 15320A022498F90800956924 /* SceneDelegate.swift */; };
		15320A052498F90800956924 /* ContentView.swift in Sources */ = {isa = PBXBuildFile; fileRef = 15320A042498F90800956924 /* ContentView.swift */; };
		15320A072498F90A00956924 /* Assets.xcassets in Resources */ = {isa = PBXBuildFile; fileRef = 15320A062498F90A00956924 /* Assets.xcassets */; };
		15320A0A2498F90A00956924 /* Preview Assets.xcassets in Resources */ = {isa = PBXBuildFile; fileRef = 15320A092498F90A00956924 /* Preview Assets.xcassets */; };
		15320A0D2498F90A00956924 /* LaunchScreen.storyboard in Resources */ = {isa = PBXBuildFile; fileRef = 15320A0B2498F90A00956924 /* LaunchScreen.storyboard */; };
		15320A182498F90A00956924 /* TestAppTests.swift in Sources */ = {isa = PBXBuildFile; fileRef = 15320A172498F90A00956924 /* TestAppTests.swift */; };
		15320A232498F90A00956924 /* TestAppUITests.swift in Sources */ = {isa = PBXBuildFile; fileRef = 15320A222498F90A00956924 /* TestAppUITests.swift */; };
		15A69518249910FC00DCDD83 /* TestFramework in Frameworks */ = {isa = PBXBuildFile; productRef = 15A69517249910FC00DCDD83 /* TestFramework */; };
		15A6951B249914FA00DCDD83 /* SwiftyJSON.framework in Frameworks */ = {isa = PBXBuildFile; fileRef = 15A6951A249914FA00DCDD83 /* SwiftyJSON.framework */; };
		15A6951C249914FB00DCDD83 /* SwiftyJSON.framework in Embed Frameworks */ = {isa = PBXBuildFile; fileRef = 15A6951A249914FA00DCDD83 /* SwiftyJSON.framework */; settings = {ATTRIBUTES = (CodeSignOnCopy, RemoveHeadersOnCopy, ); }; };
		15A6951F2499163100DCDD83 /* Cartfile in Resources */ = {isa = PBXBuildFile; fileRef = 15A6951E2499163100DCDD83 /* Cartfile */; };
		15A695212499163900DCDD83 /* Cartfile.resolved in Resources */ = {isa = PBXBuildFile; fileRef = 15A695202499163800DCDD83 /* Cartfile.resolved */; };
/* End PBXBuildFile section */

/* Begin PBXContainerItemProxy section */
		15320A142498F90A00956924 /* PBXContainerItemProxy */ = {
			isa = PBXContainerItemProxy;
			containerPortal = 153209F52498F90800956924 /* Project object */;
			proxyType = 1;
			remoteGlobalIDString = 153209FC2498F90800956924;
			remoteInfo = TestApp;
		};
		15320A1F2498F90A00956924 /* PBXContainerItemProxy */ = {
			isa = PBXContainerItemProxy;
			containerPortal = 153209F52498F90800956924 /* Project object */;
			proxyType = 1;
			remoteGlobalIDString = 153209FC2498F90800956924;
			remoteInfo = TestApp;
		};
/* End PBXContainerItemProxy section */

/* Begin PBXCopyFilesBuildPhase section */
		15A6951D249914FB00DCDD83 /* Embed Frameworks */ = {
			isa = PBXCopyFilesBuildPhase;
			buildActionMask = 2147483647;
			dstPath = "";
			dstSubfolderSpec = 10;
			files = (
				15A6951C249914FB00DCDD83 /* SwiftyJSON.framework in Embed Frameworks */,
			);
			name = "Embed Frameworks";
			runOnlyForDeploymentPostprocessing = 0;
		};
/* End PBXCopyFilesBuildPhase section */

/* Begin PBXFileReference section */
		153209FD2498F90800956924 /* TestApp.app */ = {isa = PBXFileReference; explicitFileType = wrapper.application; includeInIndex = 0; path = TestApp.app; sourceTree = BUILT_PRODUCTS_DIR; };
		15320A002498F90800956924 /* AppDelegate.swift */ = {isa = PBXFileReference; lastKnownFileType = sourcecode.swift; path = AppDelegate.swift; sourceTree = "<group>"; };
		15320A022498F90800956924 /* SceneDelegate.swift */ = {isa = PBXFileReference; lastKnownFileType = sourcecode.swift; path = SceneDelegate.swift; sourceTree = "<group>"; };
		15320A042498F90800956924 /* ContentView.swift */ = {isa = PBXFileReference; lastKnownFileType = sourcecode.swift; path = ContentView.swift; sourceTree = "<group>"; };
		15320A062498F90A00956924 /* Assets.xcassets */ = {isa = PBXFileReference; lastKnownFileType = folder.assetcatalog; path = Assets.xcassets; sourceTree = "<group>"; };
		15320A092498F90A00956924 /* Preview Assets.xcassets */ = {isa = PBXFileReference; lastKnownFileType = folder.assetcatalog; path = "Preview Assets.xcassets"; sourceTree = "<group>"; };
		15320A0C2498F90A00956924 /* Base */ = {isa = PBXFileReference; lastKnownFileType = file.storyboard; name = Base; path = Base.lproj/LaunchScreen.storyboard; sourceTree = "<group>"; };
		15320A0E2498F90A00956924 /* Info.plist */ = {isa = PBXFileReference; lastKnownFileType = text.plist.xml; path = Info.plist; sourceTree = "<group>"; };
		15320A132498F90A00956924 /* TestAppTests.xctest */ = {isa = PBXFileReference; explicitFileType = wrapper.cfbundle; includeInIndex = 0; path = TestAppTests.xctest; sourceTree = BUILT_PRODUCTS_DIR; };
		15320A172498F90A00956924 /* TestAppTests.swift */ = {isa = PBXFileReference; lastKnownFileType = sourcecode.swift; path = TestAppTests.swift; sourceTree = "<group>"; };
		15320A192498F90A00956924 /* Info.plist */ = {isa = PBXFileReference; lastKnownFileType = text.plist.xml; path = Info.plist; sourceTree = "<group>"; };
		15320A1E2498F90A00956924 /* TestAppUITests.xctest */ = {isa = PBXFileReference; explicitFileType = wrapper.cfbundle; includeInIndex = 0; path = TestAppUITests.xctest; sourceTree = BUILT_PRODUCTS_DIR; };
		15320A222498F90A00956924 /* TestAppUITests.swift */ = {isa = PBXFileReference; lastKnownFileType = sourcecode.swift; path = TestAppUITests.swift; sourceTree = "<group>"; };
		15320A242498F90A00956924 /* Info.plist */ = {isa = PBXFileReference; lastKnownFileType = text.plist.xml; path = Info.plist; sourceTree = "<group>"; };
		15A6951A249914FA00DCDD83 /* SwiftyJSON.framework */ = {isa = PBXFileReference; lastKnownFileType = wrapper.framework; name = SwiftyJSON.framework; path = Carthage/Build/iOS/SwiftyJSON.framework; sourceTree = "<group>"; };
		15A6951E2499163100DCDD83 /* Cartfile */ = {isa = PBXFileReference; fileEncoding = 4; lastKnownFileType = text; path = Cartfile; sourceTree = "<group>"; };
		15A695202499163800DCDD83 /* Cartfile.resolved */ = {isa = PBXFileReference; fileEncoding = 4; lastKnownFileType = text; path = Cartfile.resolved; sourceTree = "<group>"; };
/* End PBXFileReference section */

/* Begin PBXFrameworksBuildPhase section */
		153209FA2498F90800956924 /* Frameworks */ = {
			isa = PBXFrameworksBuildPhase;
			buildActionMask = 2147483647;
			files = (
				15A6951B249914FA00DCDD83 /* SwiftyJSON.framework in Frameworks */,
				15A69518249910FC00DCDD83 /* TestFramework in Frameworks */,
			);
			runOnlyForDeploymentPostprocessing = 0;
		};
		15320A102498F90A00956924 /* Frameworks */ = {
			isa = PBXFrameworksBuildPhase;
			buildActionMask = 2147483647;
			files = (
			);
			runOnlyForDeploymentPostprocessing = 0;
		};
		15320A1B2498F90A00956924 /* Frameworks */ = {
			isa = PBXFrameworksBuildPhase;
			buildActionMask = 2147483647;
			files = (
			);
			runOnlyForDeploymentPostprocessing = 0;
		};
/* End PBXFrameworksBuildPhase section */

/* Begin PBXGroup section */
		153209F42498F90800956924 = {
			isa = PBXGroup;
			children = (
				15A695202499163800DCDD83 /* Cartfile.resolved */,
				15A6951E2499163100DCDD83 /* Cartfile */,
				153209FF2498F90800956924 /* TestApp */,
				15320A162498F90A00956924 /* TestAppTests */,
				15320A212498F90A00956924 /* TestAppUITests */,
				153209FE2498F90800956924 /* Products */,
				15A69519249914FA00DCDD83 /* Frameworks */,
			);
			sourceTree = "<group>";
		};
		153209FE2498F90800956924 /* Products */ = {
			isa = PBXGroup;
			children = (
				153209FD2498F90800956924 /* TestApp.app */,
				15320A132498F90A00956924 /* TestAppTests.xctest */,
				15320A1E2498F90A00956924 /* TestAppUITests.xctest */,
			);
			name = Products;
			sourceTree = "<group>";
		};
		153209FF2498F90800956924 /* TestApp */ = {
			isa = PBXGroup;
			children = (
				15320A002498F90800956924 /* AppDelegate.swift */,
				15320A022498F90800956924 /* SceneDelegate.swift */,
				15320A042498F90800956924 /* ContentView.swift */,
				15320A062498F90A00956924 /* Assets.xcassets */,
				15320A0B2498F90A00956924 /* LaunchScreen.storyboard */,
				15320A0E2498F90A00956924 /* Info.plist */,
				15320A082498F90A00956924 /* Preview Content */,
			);
			path = TestApp;
			sourceTree = "<group>";
		};
		15320A082498F90A00956924 /* Preview Content */ = {
			isa = PBXGroup;
			children = (
				15320A092498F90A00956924 /* Preview Assets.xcassets */,
			);
			path = "Preview Content";
			sourceTree = "<group>";
		};
		15320A162498F90A00956924 /* TestAppTests */ = {
			isa = PBXGroup;
			children = (
				15320A172498F90A00956924 /* TestAppTests.swift */,
				15320A192498F90A00956924 /* Info.plist */,
			);
			path = TestAppTests;
			sourceTree = "<group>";
		};
		15320A212498F90A00956924 /* TestAppUITests */ = {
			isa = PBXGroup;
			children = (
				15320A222498F90A00956924 /* TestAppUITests.swift */,
				15320A242498F90A00956924 /* Info.plist */,
			);
			path = TestAppUITests;
			sourceTree = "<group>";
		};
		15A69519249914FA00DCDD83 /* Frameworks */ = {
			isa = PBXGroup;
			children = (
				15A6951A249914FA00DCDD83 /* SwiftyJSON.framework */,
			);
			name = Frameworks;
			sourceTree = "<group>";
		};
/* End PBXGroup section */

/* Begin PBXNativeTarget section */
		153209FC2498F90800956924 /* TestApp */ = {
			isa = PBXNativeTarget;
			buildConfigurationList = 15320A272498F90A00956924 /* Build configuration list for PBXNativeTarget "TestApp" */;
			buildPhases = (
				153209F92498F90800956924 /* Sources */,
				153209FA2498F90800956924 /* Frameworks */,
				153209FB2498F90800956924 /* Resources */,
				15A6951D249914FB00DCDD83 /* Embed Frameworks */,
			);
			buildRules = (
			);
			dependencies = (
			);
			name = TestApp;
			packageProductDependencies = (
				15A69517249910FC00DCDD83 /* TestFramework */,
			);
			productName = TestApp;
			productReference = 153209FD2498F90800956924 /* TestApp.app */;
			productType = "com.apple.product-type.application";
		};
		15320A122498F90A00956924 /* TestAppTests */ = {
			isa = PBXNativeTarget;
			buildConfigurationList = 15320A2A2498F90A00956924 /* Build configuration list for PBXNativeTarget "TestAppTests" */;
			buildPhases = (
				15320A0F2498F90A00956924 /* Sources */,
				15320A102498F90A00956924 /* Frameworks */,
				15320A112498F90A00956924 /* Resources */,
			);
			buildRules = (
			);
			dependencies = (
				15320A152498F90A00956924 /* PBXTargetDependency */,
			);
			name = TestAppTests;
			productName = TestAppTests;
			productReference = 15320A132498F90A00956924 /* TestAppTests.xctest */;
			productType = "com.apple.product-type.bundle.unit-test";
		};
		15320A1D2498F90A00956924 /* TestAppUITests */ = {
			isa = PBXNativeTarget;
			buildConfigurationList = 15320A2D2498F90A00956924 /* Build configuration list for PBXNativeTarget "TestAppUITests" */;
			buildPhases = (
				15320A1A2498F90A00956924 /* Sources */,
				15320A1B2498F90A00956924 /* Frameworks */,
				15320A1C2498F90A00956924 /* Resources */,
			);
			buildRules = (
			);
			dependencies = (
				15320A202498F90A00956924 /* PBXTargetDependency */,
			);
			name = TestAppUITests;
			productName = TestAppUITests;
			productReference = 15320A1E2498F90A00956924 /* TestAppUITests.xctest */;
			productType = "com.apple.product-type.bundle.ui-testing";
		};
/* End PBXNativeTarget section */

/* Begin PBXProject section */
		153209F52498F90800956924 /* Project object */ = {
			isa = PBXProject;
			attributes = {
				LastSwiftUpdateCheck = 1130;
				LastUpgradeCheck = 1130;
				ORGANIZATIONNAME = "Kaoru Kyuno";
				TargetAttributes = {
					153209FC2498F90800956924 = {
						CreatedOnToolsVersion = 11.3.1;
					};
					15320A122498F90A00956924 = {
						CreatedOnToolsVersion = 11.3.1;
						TestTargetID = 153209FC2498F90800956924;
					};
					15320A1D2498F90A00956924 = {
						CreatedOnToolsVersion = 11.3.1;
						TestTargetID = 153209FC2498F90800956924;
					};
				};
			};
			buildConfigurationList = 153209F82498F90800956924 /* Build configuration list for PBXProject "TestApp" */;
			compatibilityVersion = "Xcode 9.3";
			developmentRegion = en;
			hasScannedForEncodings = 0;
			knownRegions = (
				en,
				Base,
			);
			mainGroup = 153209F42498F90800956924;
			packageReferences = (
				15A69516249910FC00DCDD83 /* XCRemoteSwiftPackageReference "swift-framework-test" */,
			);
			productRefGroup = 153209FE2498F90800956924 /* Products */;
			projectDirPath = "";
			projectRoot = "";
			targets = (
				153209FC2498F90800956924 /* TestApp */,
				15320A122498F90A00956924 /* TestAppTests */,
				15320A1D2498F90A00956924 /* TestAppUITests */,
			);
		};
/* End PBXProject section */

/* Begin PBXResourcesBuildPhase section */
		153209FB2498F90800956924 /* Resources */ = {
			isa = PBXResourcesBuildPhase;
			buildActionMask = 2147483647;
			files = (
				15320A0D2498F90A00956924 /* LaunchScreen.storyboard in Resources */,
				15320A0A2498F90A00956924 /* Preview Assets.xcassets in Resources */,
				15A6951F2499163100DCDD83 /* Cartfile in Resources */,
				15A695212499163900DCDD83 /* Cartfile.resolved in Resources */,
				15320A072498F90A00956924 /* Assets.xcassets in Resources */,
			);
			runOnlyForDeploymentPostprocessing = 0;
		};
		15320A112498F90A00956924 /* Resources */ = {
			isa = PBXResourcesBuildPhase;
			buildActionMask = 2147483647;
			files = (
			);
			runOnlyForDeploymentPostprocessing = 0;
		};
		15320A1C2498F90A00956924 /* Resources */ = {
			isa = PBXResourcesBuildPhase;
			buildActionMask = 2147483647;
			files = (
			);
			runOnlyForDeploymentPostprocessing = 0;
		};
/* End PBXResourcesBuildPhase section */

/* Begin PBXSourcesBuildPhase section */
		153209F92498F90800956924 /* Sources */ = {
			isa = PBXSourcesBuildPhase;
			buildActionMask = 2147483647;
			files = (
				15320A012498F90800956924 /* AppDelegate.swift in Sources */,
				15320A032498F90800956924 /* SceneDelegate.swift in Sources */,
				15320A052498F90800956924 /* ContentView.swift in Sources */,
			);
			runOnlyForDeploymentPostprocessing = 0;
		};
		15320A0F2498F90A00956924 /* Sources */ = {
			isa = PBXSourcesBuildPhase;
			buildActionMask = 2147483647;
			files = (
				15320A182498F90A00956924 /* TestAppTests.swift in Sources */,
			);
			runOnlyForDeploymentPostprocessing = 0;
		};
		15320A1A2498F90A00956924 /* Sources */ = {
			isa = PBXSourcesBuildPhase;
			buildActionMask = 2147483647;
			files = (
				15320A232498F90A00956924 /* TestAppUITests.swift in Sources */,
			);
			runOnlyForDeploymentPostprocessing = 0;
		};
/* End PBXSourcesBuildPhase section */

/* Begin PBXTargetDependency section */
		15320A152498F90A00956924 /* PBXTargetDependency */ = {
			isa = PBXTargetDependency;
			target = 153209FC2498F90800956924 /* TestApp */;
			targetProxy = 15320A142498F90A00956924 /* PBXContainerItemProxy */;
		};
		15320A202498F90A00956924 /* PBXTargetDependency */ = {
			isa = PBXTargetDependency;
			target = 153209FC2498F90800956924 /* TestApp */;
			targetProxy = 15320A1F2498F90A00956924 /* PBXContainerItemProxy */;
		};
/* End PBXTargetDependency section */

/* Begin PBXVariantGroup section */
		15320A0B2498F90A00956924 /* LaunchScreen.storyboard */ = {
			isa = PBXVariantGroup;
			children = (
				15320A0C2498F90A00956924 /* Base */,
			);
			name = LaunchScreen.storyboard;
			sourceTree = "<group>";
		};
/* End PBXVariantGroup section */

/* Begin XCBuildConfiguration section */
		15320A252498F90A00956924 /* Debug */ = {
			isa = XCBuildConfiguration;
			buildSettings = {
				ALWAYS_SEARCH_USER_PATHS = NO;
				CLANG_ANALYZER_NONNULL = YES;
				CLANG_ANALYZER_NUMBER_OBJECT_CONVERSION = YES_AGGRESSIVE;
				CLANG_CXX_LANGUAGE_STANDARD = "gnu++14";
				CLANG_CXX_LIBRARY = "libc++";
				CLANG_ENABLE_MODULES = YES;
				CLANG_ENABLE_OBJC_ARC = YES;
				CLANG_ENABLE_OBJC_WEAK = YES;
				CLANG_WARN_BLOCK_CAPTURE_AUTORELEASING = YES;
				CLANG_WARN_BOOL_CONVERSION = YES;
				CLANG_WARN_COMMA = YES;
				CLANG_WARN_CONSTANT_CONVERSION = YES;
				CLANG_WARN_DEPRECATED_OBJC_IMPLEMENTATIONS = YES;
				CLANG_WARN_DIRECT_OBJC_ISA_USAGE = YES_ERROR;
				CLANG_WARN_DOCUMENTATION_COMMENTS = YES;
				CLANG_WARN_EMPTY_BODY = YES;
				CLANG_WARN_ENUM_CONVERSION = YES;
				CLANG_WARN_INFINITE_RECURSION = YES;
				CLANG_WARN_INT_CONVERSION = YES;
				CLANG_WARN_NON_LITERAL_NULL_CONVERSION = YES;
				CLANG_WARN_OBJC_IMPLICIT_RETAIN_SELF = YES;
				CLANG_WARN_OBJC_LITERAL_CONVERSION = YES;
				CLANG_WARN_OBJC_ROOT_CLASS = YES_ERROR;
				CLANG_WARN_RANGE_LOOP_ANALYSIS = YES;
				CLANG_WARN_STRICT_PROTOTYPES = YES;
				CLANG_WARN_SUSPICIOUS_MOVE = YES;
				CLANG_WARN_UNGUARDED_AVAILABILITY = YES_AGGRESSIVE;
				CLANG_WARN_UNREACHABLE_CODE = YES;
				CLANG_WARN__DUPLICATE_METHOD_MATCH = YES;
				COPY_PHASE_STRIP = NO;
				DEBUG_INFORMATION_FORMAT = dwarf;
				ENABLE_STRICT_OBJC_MSGSEND = YES;
				ENABLE_TESTABILITY = YES;
				GCC_C_LANGUAGE_STANDARD = gnu11;
				GCC_DYNAMIC_NO_PIC = NO;
				GCC_NO_COMMON_BLOCKS = YES;
				GCC_OPTIMIZATION_LEVEL = 0;
				GCC_PREPROCESSOR_DEFINITIONS = (
					"DEBUG=1",
					"$(inherited)",
				);
				GCC_WARN_64_TO_32_BIT_CONVERSION = YES;
				GCC_WARN_ABOUT_RETURN_TYPE = YES_ERROR;
				GCC_WARN_UNDECLARED_SELECTOR = YES;
				GCC_WARN_UNINITIALIZED_AUTOS = YES_AGGRESSIVE;
				GCC_WARN_UNUSED_FUNCTION = YES;
				GCC_WARN_UNUSED_VARIABLE = YES;
				IPHONEOS_DEPLOYMENT_TARGET = 13.2;
				MTL_ENABLE_DEBUG_INFO = INCLUDE_SOURCE;
				MTL_FAST_MATH = YES;
				ONLY_ACTIVE_ARCH = YES;
				SDKROOT = iphoneos;
				SWIFT_ACTIVE_COMPILATION_CONDITIONS = DEBUG;
				SWIFT_OPTIMIZATION_LEVEL = "-Onone";
			};
			name = Debug;
		};
		15320A262498F90A00956924 /* Release */ = {
			isa = XCBuildConfiguration;
			buildSettings = {
				ALWAYS_SEARCH_USER_PATHS = NO;
				CLANG_ANALYZER_NONNULL = YES;
				CLANG_ANALYZER_NUMBER_OBJECT_CONVERSION = YES_AGGRESSIVE;
				CLANG_CXX_LANGUAGE_STANDARD = "gnu++14";
				CLANG_CXX_LIBRARY = "libc++";
				CLANG_ENABLE_MODULES = YES;
				CLANG_ENABLE_OBJC_ARC = YES;
				CLANG_ENABLE_OBJC_WEAK = YES;
				CLANG_WARN_BLOCK_CAPTURE_AUTORELEASING = YES;
				CLANG_WARN_BOOL_CONVERSION = YES;
				CLANG_WARN_COMMA = YES;
				CLANG_WARN_CONSTANT_CONVERSION = YES;
				CLANG_WARN_DEPRECATED_OBJC_IMPLEMENTATIONS = YES;
				CLANG_WARN_DIRECT_OBJC_ISA_USAGE = YES_ERROR;
				CLANG_WARN_DOCUMENTATION_COMMENTS = YES;
				CLANG_WARN_EMPTY_BODY = YES;
				CLANG_WARN_ENUM_CONVERSION = YES;
				CLANG_WARN_INFINITE_RECURSION = YES;
				CLANG_WARN_INT_CONVERSION = YES;
				CLANG_WARN_NON_LITERAL_NULL_CONVERSION = YES;
				CLANG_WARN_OBJC_IMPLICIT_RETAIN_SELF = YES;
				CLANG_WARN_OBJC_LITERAL_CONVERSION = YES;
				CLANG_WARN_OBJC_ROOT_CLASS = YES_ERROR;
				CLANG_WARN_RANGE_LOOP_ANALYSIS = YES;
				CLANG_WARN_STRICT_PROTOTYPES = YES;
				CLANG_WARN_SUSPICIOUS_MOVE = YES;
				CLANG_WARN_UNGUARDED_AVAILABILITY = YES_AGGRESSIVE;
				CLANG_WARN_UNREACHABLE_CODE = YES;
				CLANG_WARN__DUPLICATE_METHOD_MATCH = YES;
				COPY_PHASE_STRIP = NO;
				DEBUG_INFORMATION_FORMAT = "dwarf-with-dsym";
				ENABLE_NS_ASSERTIONS = NO;
				ENABLE_STRICT_OBJC_MSGSEND = YES;
				GCC_C_LANGUAGE_STANDARD = gnu11;
				GCC_NO_COMMON_BLOCKS = YES;
				GCC_WARN_64_TO_32_BIT_CONVERSION = YES;
				GCC_WARN_ABOUT_RETURN_TYPE = YES_ERROR;
				GCC_WARN_UNDECLARED_SELECTOR = YES;
				GCC_WARN_UNINITIALIZED_AUTOS = YES_AGGRESSIVE;
				GCC_WARN_UNUSED_FUNCTION = YES;
				GCC_WARN_UNUSED_VARIABLE = YES;
				IPHONEOS_DEPLOYMENT_TARGET = 13.2;
				MTL_ENABLE_DEBUG_INFO = NO;
				MTL_FAST_MATH = YES;
				SDKROOT = iphoneos;
				SWIFT_COMPILATION_MODE = wholemodule;
				SWIFT_OPTIMIZATION_LEVEL = "-O";
				VALIDATE_PRODUCT = YES;
			};
			name = Release;
		};
		15320A282498F90A00956924 /* Debug */ = {
			isa = XCBuildConfiguration;
			buildSettings = {
				ASSETCATALOG_COMPILER_APPICON_NAME = AppIcon;
				CODE_SIGN_IDENTITY = "Apple Development";
				CODE_SIGN_STYLE = Automatic;
				DEVELOPMENT_ASSET_PATHS = "\"TestApp/Preview Content\"";
				DEVELOPMENT_TEAM = 562D52329M;
				ENABLE_PREVIEWS = YES;
				FRAMEWORK_SEARCH_PATHS = (
					"$(inherited)",
					"$(PROJECT_DIR)/Carthage/Build/iOS",
				);
				INFOPLIST_FILE = TestApp/Info.plist;
				LD_RUNPATH_SEARCH_PATHS = (
					"$(inherited)",
					"@executable_path/Frameworks",
				);
				PRODUCT_BUNDLE_IDENTIFIER = tokyo.mizumizu.TestApp;
				PRODUCT_NAME = "$(TARGET_NAME)";
				PROVISIONING_PROFILE_SPECIFIER = "";
				SWIFT_VERSION = 5.0;
				TARGETED_DEVICE_FAMILY = "1,2";
			};
			name = Debug;
		};
		15320A292498F90A00956924 /* Release */ = {
			isa = XCBuildConfiguration;
			buildSettings = {
				ASSETCATALOG_COMPILER_APPICON_NAME = AppIcon;
				CODE_SIGN_IDENTITY = "Apple Development";
				CODE_SIGN_STYLE = Automatic;
				DEVELOPMENT_ASSET_PATHS = "\"TestApp/Preview Content\"";
				DEVELOPMENT_TEAM = 562D52329M;
				ENABLE_PREVIEWS = YES;
				FRAMEWORK_SEARCH_PATHS = (
					"$(inherited)",
					"$(PROJECT_DIR)/Carthage/Build/iOS",
				);
				INFOPLIST_FILE = TestApp/Info.plist;
				LD_RUNPATH_SEARCH_PATHS = (
					"$(inherited)",
					"@executable_path/Frameworks",
				);
				PRODUCT_BUNDLE_IDENTIFIER = tokyo.mizumizu.TestApp;
				PRODUCT_NAME = "$(TARGET_NAME)";
				PROVISIONING_PROFILE_SPECIFIER = "";
				SWIFT_VERSION = 5.0;
				TARGETED_DEVICE_FAMILY = "1,2";
			};
			name = Release;
		};
		15320A2B2498F90A00956924 /* Debug */ = {
			isa = XCBuildConfiguration;
			buildSettings = {
				ALWAYS_EMBED_SWIFT_STANDARD_LIBRARIES = YES;
				BUNDLE_LOADER = "$(TEST_HOST)";
				CODE_SIGN_STYLE = Automatic;
				INFOPLIST_FILE = TestAppTests/Info.plist;
				IPHONEOS_DEPLOYMENT_TARGET = 13.2;
				LD_RUNPATH_SEARCH_PATHS = (
					"$(inherited)",
					"@executable_path/Frameworks",
					"@loader_path/Frameworks",
				);
				PRODUCT_BUNDLE_IDENTIFIER = tokyo.mizumizu.TestAppTests;
				PRODUCT_NAME = "$(TARGET_NAME)";
				SWIFT_VERSION = 5.0;
				TARGETED_DEVICE_FAMILY = "1,2";
				TEST_HOST = "$(BUILT_PRODUCTS_DIR)/TestApp.app/TestApp";
			};
			name = Debug;
		};
		15320A2C2498F90A00956924 /* Release */ = {
			isa = XCBuildConfiguration;
			buildSettings = {
				ALWAYS_EMBED_SWIFT_STANDARD_LIBRARIES = YES;
				BUNDLE_LOADER = "$(TEST_HOST)";
				CODE_SIGN_STYLE = Automatic;
				INFOPLIST_FILE = TestAppTests/Info.plist;
				IPHONEOS_DEPLOYMENT_TARGET = 13.2;
				LD_RUNPATH_SEARCH_PATHS = (
					"$(inherited)",
					"@executable_path/Frameworks",
					"@loader_path/Frameworks",
				);
				PRODUCT_BUNDLE_IDENTIFIER = tokyo.mizumizu.TestAppTests;
				PRODUCT_NAME = "$(TARGET_NAME)";
				SWIFT_VERSION = 5.0;
				TARGETED_DEVICE_FAMILY = "1,2";
				TEST_HOST = "$(BUILT_PRODUCTS_DIR)/TestApp.app/TestApp";
			};
			name = Release;
		};
		15320A2E2498F90A00956924 /* Debug */ = {
			isa = XCBuildConfiguration;
			buildSettings = {
				ALWAYS_EMBED_SWIFT_STANDARD_LIBRARIES = YES;
				CODE_SIGN_STYLE = Automatic;
				INFOPLIST_FILE = TestAppUITests/Info.plist;
				LD_RUNPATH_SEARCH_PATHS = (
					"$(inherited)",
					"@executable_path/Frameworks",
					"@loader_path/Frameworks",
				);
				PRODUCT_BUNDLE_IDENTIFIER = tokyo.mizumizu.TestAppUITests;
				PRODUCT_NAME = "$(TARGET_NAME)";
				SWIFT_VERSION = 5.0;
				TARGETED_DEVICE_FAMILY = "1,2";
				TEST_TARGET_NAME = TestApp;
			};
			name = Debug;
		};
		15320A2F2498F90A00956924 /* Release */ = {
			isa = XCBuildConfiguration;
			buildSettings = {
				ALWAYS_EMBED_SWIFT_STANDARD_LIBRARIES = YES;
				CODE_SIGN_STYLE = Automatic;
				INFOPLIST_FILE = TestAppUITests/Info.plist;
				LD_RUNPATH_SEARCH_PATHS = (
					"$(inherited)",
					"@executable_path/Frameworks",
					"@loader_path/Frameworks",
				);
				PRODUCT_BUNDLE_IDENTIFIER = tokyo.mizumizu.TestAppUITests;
				PRODUCT_NAME = "$(TARGET_NAME)";
				SWIFT_VERSION = 5.0;
				TARGETED_DEVICE_FAMILY = "1,2";
				TEST_TARGET_NAME = TestApp;
			};
			name = Release;
		};
/* End XCBuildConfiguration section */

/* Begin XCConfigurationList section */
		153209F82498F90800956924 /* Build configuration list for PBXProject "TestApp" */ = {
			isa = XCConfigurationList;
			buildConfigurations = (
				15320A252498F90A00956924 /* Debug */,
				15320A262498F90A00956924 /* Release */,
			);
			defaultConfigurationIsVisible = 0;
			defaultConfigurationName = Release;
		};
		15320A272498F90A00956924 /* Build configuration list for PBXNativeTarget "TestApp" */ = {
			isa = XCConfigurationList;
			buildConfigurations = (
				15320A282498F90A00956924 /* Debug */,
				15320A292498F90A00956924 /* Release */,
			);
			defaultConfigurationIsVisible = 0;
			defaultConfigurationName = Release;
		};
		15320A2A2498F90A00956924 /* Build configuration list for PBXNativeTarget "TestAppTests" */ = {
			isa = XCConfigurationList;
			buildConfigurations = (
				15320A2B2498F90A00956924 /* Debug */,
				15320A2C2498F90A00956924 /* Release */,
			);
			defaultConfigurationIsVisible = 0;
			defaultConfigurationName = Release;
		};
		15320A2D2498F90A00956924 /* Build configuration list for PBXNativeTarget "TestAppUITests" */ = {
			isa = XCConfigurationList;
			buildConfigurations = (
				15320A2E2498F90A00956924 /* Debug */,
				15320A2F2498F90A00956924 /* Release */,
			);
			defaultConfigurationIsVisible = 0;
			defaultConfigurationName = Release;
		};
/* End XCConfigurationList section */

/* Begin XCRemoteSwiftPackageReference section */
		15A69516249910FC00DCDD83 /* XCRemoteSwiftPackageReference "swift-framework-test" */ = {
			isa = XCRemoteSwiftPackageReference;
			repositoryURL = "https://github.com/k-kyuno/swift-framework-test";
			requirement = {
				branch = master;
				kind = branch;
			};
		};
/* End XCRemoteSwiftPackageReference section */

/* Begin XCSwiftPackageProductDependency section */
		15A69517249910FC00DCDD83 /* TestFramework */ = {
			isa = XCSwiftPackageProductDependency;
			package = 15A69516249910FC00DCDD83 /* XCRemoteSwiftPackageReference "swift-framework-test" */;
			productName = TestFramework;
		};
/* End XCSwiftPackageProductDependency section */
	};
	rootObject = 153209F52498F90800956924 /* Project object */;
}
